
Microsoft Visual Studio Solution File, Format Version 12.00
# Visual Studio Version 17
VisualStudioVersion = 17.11.35431.28
MinimumVisualStudioVersion = 10.0.40219.1
Project("{FAE04EC0-301F-11D3-BF4B-00C04F79EFBC}") = "CRUD", "CRUD.csproj", "{4CE92D27-2338-48DF-98DD-7FEC12CB36D5}"
EndProject
Global
	GlobalSection(SolutionConfigurationPlatforms) = preSolution
		Debug|Any CPU = Debug|Any CPU
		Release|Any CPU = Release|Any CPU
	EndGlobalSection
	GlobalSection(ProjectConfigurationPlatforms) = postSolution
		{4CE92D27-2338-48DF-98DD-7FEC12CB36D5}.Debug|Any CPU.ActiveCfg = Debug|Any CPU
		{4CE92D27-2338-48DF-98DD-7FEC12CB36D5}.Debug|Any CPU.Build.0 = Debug|Any CPU
		{4CE92D27-2338-48DF-98DD-7FEC12CB36D5}.Release|Any CPU.ActiveCfg = Release|Any CPU
		{4CE92D27-2338-48DF-98DD-7FEC12CB36D5}.Release|Any CPU.Build.0 = Release|Any CPU
	EndGlobalSection
	GlobalSection(SolutionProperties) = preSolution
		HideSolutionNode = FALSE
	EndGlobalSection
	GlobalSection(ExtensibilityGlobals) = postSolution
		SolutionGuid = {ABFFBBFF-4723-4D8E-8FBA-62723C247CC7}
	EndGlobalSection
EndGlobal
